
Microsoft Visual Studio Solution File, Format Version 12.00
# Visual Studio 2013
VisualStudioVersion = 12.0.21005.1
MinimumVisualStudioVersion = 10.0.40219.1
Project("{FAE04EC0-301F-11D3-BF4B-00C04F79EFBC}") = "FacturaCajaMenor", "FacturaCajaMenor\FacturaCajaMenor.csproj", "{C744F9F1-7D81-4F9F-96C2-70D1F215887A}"
EndProject
Project("{FAE04EC0-301F-11D3-BF4B-00C04F79EFBC}") = "BLL", "BLL\BLL.csproj", "{68A003A3-DEB4-4A50-8AFE-624395337290}"
EndProject
Project("{FAE04EC0-301F-11D3-BF4B-00C04F79EFBC}") = "DAL", "DAL\DAL.csproj", "{1C23C380-EFCB-456C-8FFC-2CD66F48E4FB}"
EndProject
Project("{FAE04EC0-301F-11D3-BF4B-00C04F79EFBC}") = "ENTIDAD", "ENTIDAD\ENTIDAD.csproj", "{63840132-6865-43CD-AAB3-9306FD3DDC62}"
EndProject
Project("{FAE04EC0-301F-11D3-BF4B-00C04F79EFBC}") = "TestConsole", "TestConsole\TestConsole.csproj", "{D6F46CF9-222F-47F3-845A-2FA4997E5AF2}"
EndProject
Global
	GlobalSection(SolutionConfigurationPlatforms) = preSolution
		Debug|Any CPU = Debug|Any CPU
		Release|Any CPU = Release|Any CPU
	EndGlobalSection
	GlobalSection(ProjectConfigurationPlatforms) = postSolution
		{C744F9F1-7D81-4F9F-96C2-70D1F215887A}.Debug|Any CPU.ActiveCfg = Debug|Any CPU
		{C744F9F1-7D81-4F9F-96C2-70D1F215887A}.Debug|Any CPU.Build.0 = Debug|Any CPU
		{C744F9F1-7D81-4F9F-96C2-70D1F215887A}.Release|Any CPU.ActiveCfg = Release|Any CPU
		{C744F9F1-7D81-4F9F-96C2-70D1F215887A}.Release|Any CPU.Build.0 = Release|Any CPU
		{68A003A3-DEB4-4A50-8AFE-624395337290}.Debug|Any CPU.ActiveCfg = Debug|Any CPU
		{68A003A3-DEB4-4A50-8AFE-624395337290}.Debug|Any CPU.Build.0 = Debug|Any CPU
		{68A003A3-DEB4-4A50-8AFE-624395337290}.Release|Any CPU.ActiveCfg = Release|Any CPU
		{68A003A3-DEB4-4A50-8AFE-624395337290}.Release|Any CPU.Build.0 = Release|Any CPU
		{1C23C380-EFCB-456C-8FFC-2CD66F48E4FB}.Debug|Any CPU.ActiveCfg = Debug|Any CPU
		{1C23C380-EFCB-456C-8FFC-2CD66F48E4FB}.Debug|Any CPU.Build.0 = Debug|Any CPU
		{1C23C380-EFCB-456C-8FFC-2CD66F48E4FB}.Release|Any CPU.ActiveCfg = Release|Any CPU
		{1C23C380-EFCB-456C-8FFC-2CD66F48E4FB}.Release|Any CPU.Build.0 = Release|Any CPU
		{63840132-6865-43CD-AAB3-9306FD3DDC62}.Debug|Any CPU.ActiveCfg = Debug|Any CPU
		{63840132-6865-43CD-AAB3-9306FD3DDC62}.Debug|Any CPU.Build.0 = Debug|Any CPU
		{63840132-6865-43CD-AAB3-9306FD3DDC62}.Release|Any CPU.ActiveCfg = Release|Any CPU
		{63840132-6865-43CD-AAB3-9306FD3DDC62}.Release|Any CPU.Build.0 = Release|Any CPU
		{D6F46CF9-222F-47F3-845A-2FA4997E5AF2}.Debug|Any CPU.ActiveCfg = Debug|Any CPU
		{D6F46CF9-222F-47F3-845A-2FA4997E5AF2}.Debug|Any CPU.Build.0 = Debug|Any CPU
		{D6F46CF9-222F-47F3-845A-2FA4997E5AF2}.Release|Any CPU.ActiveCfg = Release|Any CPU
		{D6F46CF9-222F-47F3-845A-2FA4997E5AF2}.Release|Any CPU.Build.0 = Release|Any CPU
	EndGlobalSection
	GlobalSection(SolutionProperties) = preSolution
		HideSolutionNode = FALSE
	EndGlobalSection
EndGlobal
